{
  "object": {
    "pins": [
      {
        "package": "Logger.swift",
        "repositoryURL": "https://github.com/kradalby/Logger.swift.git",
        "state": {
          "branch": null,
          "revision": "5ee3872802d4e4d44e0bd5406d78fe0e4bb999a6",
          "version": "0.0.7"
        }
      },
      {
        "package": "Rainbow",
        "repositoryURL": "https://github.com/onevcat/Rainbow",
        "state": {
          "branch": null,
          "revision": "9c52c1952e9b2305d4507cf473392ac2d7c9b155",
          "version": "3.1.5"
        }
      }
    ]
  },
  "version": 1
}
